
Microsoft Visual Studio Solution File, Format Version 12.00
# Visual Studio 2012
Project("{E24C65DC-7377-472B-9ABA-BC803B73C61A}") = "Tutorias", ".", "{2DA839B9-EAA1-4A9A-A643-10E9CFB3DC75}"
	ProjectSection(WebsiteProperties) = preProject
		TargetFrameworkMoniker = ".NETFramework,Version%3Dv4.5"
		Debug.AspNetCompiler.VirtualPath = "/Tutorias"
		Debug.AspNetCompiler.PhysicalPath = "..\Tutorias\"
		Debug.AspNetCompiler.TargetPath = "PrecompiledWeb\Tutorias\"
		Debug.AspNetCompiler.Updateable = "true"
		Debug.AspNetCompiler.ForceOverwrite = "true"
		Debug.AspNetCompiler.FixedNames = "false"
		Debug.AspNetCompiler.Debug = "True"
		Release.AspNetCompiler.VirtualPath = "/Tutorias"
		Release.AspNetCompiler.PhysicalPath = "..\Tutorias\"
		Release.AspNetCompiler.TargetPath = "PrecompiledWeb\Tutorias\"
		Release.AspNetCompiler.Updateable = "true"
		Release.AspNetCompiler.ForceOverwrite = "true"
		Release.AspNetCompiler.FixedNames = "false"
		Release.AspNetCompiler.Debug = "False"
		VWDPort = "4186"
	EndProjectSection
EndProject
Global
	GlobalSection(SolutionConfigurationPlatforms) = preSolution
		Debug|Any CPU = Debug|Any CPU
	EndGlobalSection
	GlobalSection(ProjectConfigurationPlatforms) = postSolution
		{2DA839B9-EAA1-4A9A-A643-10E9CFB3DC75}.Debug|Any CPU.ActiveCfg = Debug|Any CPU
		{2DA839B9-EAA1-4A9A-A643-10E9CFB3DC75}.Debug|Any CPU.Build.0 = Debug|Any CPU
	EndGlobalSection
	GlobalSection(SolutionProperties) = preSolution
		HideSolutionNode = FALSE
	EndGlobalSection
EndGlobal
