
Microsoft Visual Studio Solution File, Format Version 12.00
# Visual Studio 2012
Project("{FAE04EC0-301F-11D3-BF4B-00C04F79EFBC}") = "Conver", "Conver.csproj", "{3F05DDFD-37D3-4A98-833B-DD7E6BA53D63}"
EndProject
Global
	GlobalSection(SolutionConfigurationPlatforms) = preSolution
		Debug|Any CPU = Debug|Any CPU
		Release|Any CPU = Release|Any CPU
	EndGlobalSection
	GlobalSection(ProjectConfigurationPlatforms) = postSolution
		{3F05DDFD-37D3-4A98-833B-DD7E6BA53D63}.Debug|Any CPU.ActiveCfg = Debug|Any CPU
		{3F05DDFD-37D3-4A98-833B-DD7E6BA53D63}.Debug|Any CPU.Build.0 = Debug|Any CPU
		{3F05DDFD-37D3-4A98-833B-DD7E6BA53D63}.Release|Any CPU.ActiveCfg = Release|Any CPU
		{3F05DDFD-37D3-4A98-833B-DD7E6BA53D63}.Release|Any CPU.Build.0 = Release|Any CPU
	EndGlobalSection
	GlobalSection(SolutionProperties) = preSolution
		HideSolutionNode = FALSE
	EndGlobalSection
EndGlobal
