
Microsoft Visual Studio Solution File, Format Version 12.00
# Visual Studio 2012
Project("{FAE04EC0-301F-11D3-BF4B-00C04F79EFBC}") = "ListView", "ListView.csproj", "{32E3CD9C-9DC7-4905-A011-0A30E3DF5DEE}"
EndProject
Global
	GlobalSection(SolutionConfigurationPlatforms) = preSolution
		Debug|Any CPU = Debug|Any CPU
		Release|Any CPU = Release|Any CPU
	EndGlobalSection
	GlobalSection(ProjectConfigurationPlatforms) = postSolution
		{32E3CD9C-9DC7-4905-A011-0A30E3DF5DEE}.Debug|Any CPU.ActiveCfg = Debug|Any CPU
		{32E3CD9C-9DC7-4905-A011-0A30E3DF5DEE}.Debug|Any CPU.Build.0 = Debug|Any CPU
		{32E3CD9C-9DC7-4905-A011-0A30E3DF5DEE}.Release|Any CPU.ActiveCfg = Release|Any CPU
		{32E3CD9C-9DC7-4905-A011-0A30E3DF5DEE}.Release|Any CPU.Build.0 = Release|Any CPU
	EndGlobalSection
	GlobalSection(SolutionProperties) = preSolution
		HideSolutionNode = FALSE
	EndGlobalSection
EndGlobal
